
Microsoft Visual Studio Solution File, Format Version 12.00
# Visual Studio Version 16
VisualStudioVersion = 16.0.30907.101
MinimumVisualStudioVersion = 10.0.40219.1
Project("{FAE04EC0-301F-11D3-BF4B-00C04F79EFBC}") = "JigsawPuzzle.Android", "JigsawPuzzle\JigsawPuzzle.Android\JigsawPuzzle.Android.csproj", "{C08F8E2E-96A4-4787-A4B9-652A81989B38}"
EndProject
Project("{FAE04EC0-301F-11D3-BF4B-00C04F79EFBC}") = "JigsawPuzzle", "JigsawPuzzle\JigsawPuzzle\JigsawPuzzle.csproj", "{C215E6E1-1B5D-4428-A714-E79DF1CC7152}"
EndProject
Global
	GlobalSection(SolutionConfigurationPlatforms) = preSolution
		Debug|Any CPU = Debug|Any CPU
		Release|Any CPU = Release|Any CPU
	EndGlobalSection
	GlobalSection(ProjectConfigurationPlatforms) = postSolution
		{C08F8E2E-96A4-4787-A4B9-652A81989B38}.Debug|Any CPU.ActiveCfg = Debug|Any CPU
		{C08F8E2E-96A4-4787-A4B9-652A81989B38}.Debug|Any CPU.Build.0 = Debug|Any CPU
		{C08F8E2E-96A4-4787-A4B9-652A81989B38}.Debug|Any CPU.Deploy.0 = Debug|Any CPU
		{C08F8E2E-96A4-4787-A4B9-652A81989B38}.Release|Any CPU.ActiveCfg = Release|Any CPU
		{C08F8E2E-96A4-4787-A4B9-652A81989B38}.Release|Any CPU.Build.0 = Release|Any CPU
		{C08F8E2E-96A4-4787-A4B9-652A81989B38}.Release|Any CPU.Deploy.0 = Release|Any CPU
		{C215E6E1-1B5D-4428-A714-E79DF1CC7152}.Debug|Any CPU.ActiveCfg = Debug|Any CPU
		{C215E6E1-1B5D-4428-A714-E79DF1CC7152}.Debug|Any CPU.Build.0 = Debug|Any CPU
		{C215E6E1-1B5D-4428-A714-E79DF1CC7152}.Debug|Any CPU.Deploy.0 = Debug|Any CPU
		{C215E6E1-1B5D-4428-A714-E79DF1CC7152}.Release|Any CPU.ActiveCfg = Release|Any CPU
		{C215E6E1-1B5D-4428-A714-E79DF1CC7152}.Release|Any CPU.Build.0 = Release|Any CPU
		{C215E6E1-1B5D-4428-A714-E79DF1CC7152}.Release|Any CPU.Deploy.0 = Release|Any CPU
	EndGlobalSection
	GlobalSection(SolutionProperties) = preSolution
		HideSolutionNode = FALSE
	EndGlobalSection
	GlobalSection(ExtensibilityGlobals) = postSolution
		SolutionGuid = {568CEF3A-2DAE-42FD-8BCE-FF02D4F46586}
	EndGlobalSection
EndGlobal
